// !$*UTF8*$!
{
	archiveVersion = 1;
	classes = {
	};
	objectVersion = 56;
	objects = {

/* Begin PBXBuildFile section */
		AA7BCCC02AB2202C00D2911F /* ShopAppApp.swift in Sources */ = {isa = PBXBuildFile; fileRef = AA7BCCBF2AB2202C00D2911F /* ShopAppApp.swift */; };
		AA7BCCC42AB2202D00D2911F /* Assets.xcassets in Resources */ = {isa = PBXBuildFile; fileRef = AA7BCCC32AB2202D00D2911F /* Assets.xcassets */; };
		AA7BCCC72AB2202D00D2911F /* Preview Assets.xcassets in Resources */ = {isa = PBXBuildFile; fileRef = AA7BCCC62AB2202D00D2911F /* Preview Assets.xcassets */; };
		AA7BCCCC2AB2202D00D2911F /* ShopApp.xcdatamodeld in Sources */ = {isa = PBXBuildFile; fileRef = AA7BCCCA2AB2202D00D2911F /* ShopApp.xcdatamodeld */; };
		AA7BCCD42AB2208500D2911F /* CartButton.swift in Sources */ = {isa = PBXBuildFile; fileRef = AA7BCCD32AB2208500D2911F /* CartButton.swift */; };
		AA7BCCD62AB220DD00D2911F /* PaymentButton.swift in Sources */ = {isa = PBXBuildFile; fileRef = AA7BCCD52AB220DD00D2911F /* PaymentButton.swift */; };
		AA7BCCD82AB2210700D2911F /* ProductCard.swift in Sources */ = {isa = PBXBuildFile; fileRef = AA7BCCD72AB2210700D2911F /* ProductCard.swift */; };
		AA7BCCDA2AB2214400D2911F /* ProductRow.swift in Sources */ = {isa = PBXBuildFile; fileRef = AA7BCCD92AB2214400D2911F /* ProductRow.swift */; };
		AA7BCCDD2AB2217600D2911F /* Product.swift in Sources */ = {isa = PBXBuildFile; fileRef = AA7BCCDC2AB2217600D2911F /* Product.swift */; };
		AA7BCCE02AB221CB00D2911F /* CardView.swift in Sources */ = {isa = PBXBuildFile; fileRef = AA7BCCDF2AB221CB00D2911F /* CardView.swift */; };
		AA7BCCE22AB221EF00D2911F /* ContentView.swift in Sources */ = {isa = PBXBuildFile; fileRef = AA7BCCE12AB221EF00D2911F /* ContentView.swift */; };
		AA7BCCE42AB2223C00D2911F /* CardManager.swift in Sources */ = {isa = PBXBuildFile; fileRef = AA7BCCE32AB2223C00D2911F /* CardManager.swift */; };
		AA7BCCE62AB222A800D2911F /* PaymentHandler.swift in Sources */ = {isa = PBXBuildFile; fileRef = AA7BCCE52AB222A800D2911F /* PaymentHandler.swift */; };
/* End PBXBuildFile section */

/* Begin PBXFileReference section */
		AA7BCCBC2AB2202C00D2911F /* ShopApp.app */ = {isa = PBXFileReference; explicitFileType = wrapper.application; includeInIndex = 0; path = ShopApp.app; sourceTree = BUILT_PRODUCTS_DIR; };
		AA7BCCBF2AB2202C00D2911F /* ShopAppApp.swift */ = {isa = PBXFileReference; lastKnownFileType = sourcecode.swift; path = ShopAppApp.swift; sourceTree = "<group>"; };
		AA7BCCC32AB2202D00D2911F /* Assets.xcassets */ = {isa = PBXFileReference; lastKnownFileType = folder.assetcatalog; path = Assets.xcassets; sourceTree = "<group>"; };
		AA7BCCC62AB2202D00D2911F /* Preview Assets.xcassets */ = {isa = PBXFileReference; lastKnownFileType = folder.assetcatalog; path = "Preview Assets.xcassets"; sourceTree = "<group>"; };
		AA7BCCCB2AB2202D00D2911F /* ShopApp.xcdatamodel */ = {isa = PBXFileReference; lastKnownFileType = wrapper.xcdatamodel; path = ShopApp.xcdatamodel; sourceTree = "<group>"; };
		AA7BCCD32AB2208500D2911F /* CartButton.swift */ = {isa = PBXFileReference; lastKnownFileType = sourcecode.swift; path = CartButton.swift; sourceTree = "<group>"; };
		AA7BCCD52AB220DD00D2911F /* PaymentButton.swift */ = {isa = PBXFileReference; lastKnownFileType = sourcecode.swift; path = PaymentButton.swift; sourceTree = "<group>"; };
		AA7BCCD72AB2210700D2911F /* ProductCard.swift */ = {isa = PBXFileReference; lastKnownFileType = sourcecode.swift; path = ProductCard.swift; sourceTree = "<group>"; };
		AA7BCCD92AB2214400D2911F /* ProductRow.swift */ = {isa = PBXFileReference; lastKnownFileType = sourcecode.swift; path = ProductRow.swift; sourceTree = "<group>"; };
		AA7BCCDC2AB2217600D2911F /* Product.swift */ = {isa = PBXFileReference; lastKnownFileType = sourcecode.swift; path = Product.swift; sourceTree = "<group>"; };
		AA7BCCDF2AB221CB00D2911F /* CardView.swift */ = {isa = PBXFileReference; lastKnownFileType = sourcecode.swift; path = CardView.swift; sourceTree = "<group>"; };
		AA7BCCE12AB221EF00D2911F /* ContentView.swift */ = {isa = PBXFileReference; lastKnownFileType = sourcecode.swift; path = ContentView.swift; sourceTree = "<group>"; };
		AA7BCCE32AB2223C00D2911F /* CardManager.swift */ = {isa = PBXFileReference; lastKnownFileType = sourcecode.swift; path = CardManager.swift; sourceTree = "<group>"; };
		AA7BCCE52AB222A800D2911F /* PaymentHandler.swift */ = {isa = PBXFileReference; lastKnownFileType = sourcecode.swift; path = PaymentHandler.swift; sourceTree = "<group>"; };
/* End PBXFileReference section */

/* Begin PBXFrameworksBuildPhase section */
		AA7BCCB92AB2202C00D2911F /* Frameworks */ = {
			isa = PBXFrameworksBuildPhase;
			buildActionMask = 2147483647;
			files = (
			);
			runOnlyForDeploymentPostprocessing = 0;
		};
/* End PBXFrameworksBuildPhase section */

/* Begin PBXGroup section */
		AA7BCCB32AB2202C00D2911F = {
			isa = PBXGroup;
			children = (
				AA7BCCBE2AB2202C00D2911F /* ShopApp */,
				AA7BCCBD2AB2202C00D2911F /* Products */,
			);
			sourceTree = "<group>";
		};
		AA7BCCBD2AB2202C00D2911F /* Products */ = {
			isa = PBXGroup;
			children = (
				AA7BCCBC2AB2202C00D2911F /* ShopApp.app */,
			);
			name = Products;
			sourceTree = "<group>";
		};
		AA7BCCBE2AB2202C00D2911F /* ShopApp */ = {
			isa = PBXGroup;
			children = (
				AA7BCCDE2AB221A500D2911F /* Views */,
				AA7BCCDB2AB2216100D2911F /* Model */,
				AA7BCCD22AB2207700D2911F /* Component */,
				AA7BCCBF2AB2202C00D2911F /* ShopAppApp.swift */,
				AA7BCCC32AB2202D00D2911F /* Assets.xcassets */,
				AA7BCCCA2AB2202D00D2911F /* ShopApp.xcdatamodeld */,
				AA7BCCC52AB2202D00D2911F /* Preview Content */,
				AA7BCCE32AB2223C00D2911F /* CardManager.swift */,
				AA7BCCE52AB222A800D2911F /* PaymentHandler.swift */,
			);
			path = ShopApp;
			sourceTree = "<group>";
		};
		AA7BCCC52AB2202D00D2911F /* Preview Content */ = {
			isa = PBXGroup;
			children = (
				AA7BCCC62AB2202D00D2911F /* Preview Assets.xcassets */,
			);
			path = "Preview Content";
			sourceTree = "<group>";
		};
		AA7BCCD22AB2207700D2911F /* Component */ = {
			isa = PBXGroup;
			children = (
				AA7BCCD32AB2208500D2911F /* CartButton.swift */,
				AA7BCCD52AB220DD00D2911F /* PaymentButton.swift */,
				AA7BCCD72AB2210700D2911F /* ProductCard.swift */,
				AA7BCCD92AB2214400D2911F /* ProductRow.swift */,
			);
			path = Component;
			sourceTree = "<group>";
		};
		AA7BCCDB2AB2216100D2911F /* Model */ = {
			isa = PBXGroup;
			children = (
				AA7BCCDC2AB2217600D2911F /* Product.swift */,
			);
			path = Model;
			sourceTree = "<group>";
		};
		AA7BCCDE2AB221A500D2911F /* Views */ = {
			isa = PBXGroup;
			children = (
				AA7BCCDF2AB221CB00D2911F /* CardView.swift */,
				AA7BCCE12AB221EF00D2911F /* ContentView.swift */,
			);
			path = Views;
			sourceTree = "<group>";
		};
/* End PBXGroup section */

/* Begin PBXNativeTarget section */
		AA7BCCBB2AB2202C00D2911F /* ShopApp */ = {
			isa = PBXNativeTarget;
			buildConfigurationList = AA7BCCCF2AB2202D00D2911F /* Build configuration list for PBXNativeTarget "ShopApp" */;
			buildPhases = (
				AA7BCCB82AB2202C00D2911F /* Sources */,
				AA7BCCB92AB2202C00D2911F /* Frameworks */,
				AA7BCCBA2AB2202C00D2911F /* Resources */,
			);
			buildRules = (
			);
			dependencies = (
			);
			name = ShopApp;
			productName = ShopApp;
			productReference = AA7BCCBC2AB2202C00D2911F /* ShopApp.app */;
			productType = "com.apple.product-type.application";
		};
/* End PBXNativeTarget section */

/* Begin PBXProject section */
		AA7BCCB42AB2202C00D2911F /* Project object */ = {
			isa = PBXProject;
			attributes = {
				BuildIndependentTargetsInParallel = 1;
				LastSwiftUpdateCheck = 1430;
				LastUpgradeCheck = 1430;
				TargetAttributes = {
					AA7BCCBB2AB2202C00D2911F = {
						CreatedOnToolsVersion = 14.3.1;
					};
				};
			};
			buildConfigurationList = AA7BCCB72AB2202C00D2911F /* Build configuration list for PBXProject "ShopApp" */;
			compatibilityVersion = "Xcode 14.0";
			developmentRegion = en;
			hasScannedForEncodings = 0;
			knownRegions = (
				en,
				Base,
			);
			mainGroup = AA7BCCB32AB2202C00D2911F;
			productRefGroup = AA7BCCBD2AB2202C00D2911F /* Products */;
			projectDirPath = "";
			projectRoot = "";
			targets = (
				AA7BCCBB2AB2202C00D2911F /* ShopApp */,
			);
		};
/* End PBXProject section */

/* Begin PBXResourcesBuildPhase section */
		AA7BCCBA2AB2202C00D2911F /* Resources */ = {
			isa = PBXResourcesBuildPhase;
			buildActionMask = 2147483647;
			files = (
				AA7BCCC72AB2202D00D2911F /* Preview Assets.xcassets in Resources */,
				AA7BCCC42AB2202D00D2911F /* Assets.xcassets in Resources */,
			);
			runOnlyForDeploymentPostprocessing = 0;
		};
/* End PBXResourcesBuildPhase section */

/* Begin PBXSourcesBuildPhase section */
		AA7BCCB82AB2202C00D2911F /* Sources */ = {
			isa = PBXSourcesBuildPhase;
			buildActionMask = 2147483647;
			files = (
				AA7BCCE02AB221CB00D2911F /* CardView.swift in Sources */,
				AA7BCCDD2AB2217600D2911F /* Product.swift in Sources */,
				AA7BCCD42AB2208500D2911F /* CartButton.swift in Sources */,
				AA7BCCC02AB2202C00D2911F /* ShopAppApp.swift in Sources */,
				AA7BCCCC2AB2202D00D2911F /* ShopApp.xcdatamodeld in Sources */,
				AA7BCCE22AB221EF00D2911F /* ContentView.swift in Sources */,
				AA7BCCE62AB222A800D2911F /* PaymentHandler.swift in Sources */,
				AA7BCCDA2AB2214400D2911F /* ProductRow.swift in Sources */,
				AA7BCCE42AB2223C00D2911F /* CardManager.swift in Sources */,
				AA7BCCD62AB220DD00D2911F /* PaymentButton.swift in Sources */,
				AA7BCCD82AB2210700D2911F /* ProductCard.swift in Sources */,
			);
			runOnlyForDeploymentPostprocessing = 0;
		};
/* End PBXSourcesBuildPhase section */

/* Begin XCBuildConfiguration section */
		AA7BCCCD2AB2202D00D2911F /* Debug */ = {
			isa = XCBuildConfiguration;
			buildSettings = {
				ALWAYS_SEARCH_USER_PATHS = NO;
				CLANG_ANALYZER_NONNULL = YES;
				CLANG_ANALYZER_NUMBER_OBJECT_CONVERSION = YES_AGGRESSIVE;
				CLANG_CXX_LANGUAGE_STANDARD = "gnu++20";
				CLANG_ENABLE_MODULES = YES;
				CLANG_ENABLE_OBJC_ARC = YES;
				CLANG_ENABLE_OBJC_WEAK = YES;
				CLANG_WARN_BLOCK_CAPTURE_AUTORELEASING = YES;
				CLANG_WARN_BOOL_CONVERSION = YES;
				CLANG_WARN_COMMA = YES;
				CLANG_WARN_CONSTANT_CONVERSION = YES;
				CLANG_WARN_DEPRECATED_OBJC_IMPLEMENTATIONS = YES;
				CLANG_WARN_DIRECT_OBJC_ISA_USAGE = YES_ERROR;
				CLANG_WARN_DOCUMENTATION_COMMENTS = YES;
				CLANG_WARN_EMPTY_BODY = YES;
				CLANG_WARN_ENUM_CONVERSION = YES;
				CLANG_WARN_INFINITE_RECURSION = YES;
				CLANG_WARN_INT_CONVERSION = YES;
				CLANG_WARN_NON_LITERAL_NULL_CONVERSION = YES;
				CLANG_WARN_OBJC_IMPLICIT_RETAIN_SELF = YES;
				CLANG_WARN_OBJC_LITERAL_CONVERSION = YES;
				CLANG_WARN_OBJC_ROOT_CLASS = YES_ERROR;
				CLANG_WARN_QUOTED_INCLUDE_IN_FRAMEWORK_HEADER = YES;
				CLANG_WARN_RANGE_LOOP_ANALYSIS = YES;
				CLANG_WARN_STRICT_PROTOTYPES = YES;
				CLANG_WARN_SUSPICIOUS_MOVE = YES;
				CLANG_WARN_UNGUARDED_AVAILABILITY = YES_AGGRESSIVE;
				CLANG_WARN_UNREACHABLE_CODE = YES;
				CLANG_WARN__DUPLICATE_METHOD_MATCH = YES;
				COPY_PHASE_STRIP = NO;
				DEBUG_INFORMATION_FORMAT = dwarf;
				ENABLE_STRICT_OBJC_MSGSEND = YES;
				ENABLE_TESTABILITY = YES;
				GCC_C_LANGUAGE_STANDARD = gnu11;
				GCC_DYNAMIC_NO_PIC = NO;
				GCC_NO_COMMON_BLOCKS = YES;
				GCC_OPTIMIZATION_LEVEL = 0;
				GCC_PREPROCESSOR_DEFINITIONS = (
					"DEBUG=1",
					"$(inherited)",
				);
				GCC_WARN_64_TO_32_BIT_CONVERSION = YES;
				GCC_WARN_ABOUT_RETURN_TYPE = YES_ERROR;
				GCC_WARN_UNDECLARED_SELECTOR = YES;
				GCC_WARN_UNINITIALIZED_AUTOS = YES_AGGRESSIVE;
				GCC_WARN_UNUSED_FUNCTION = YES;
				GCC_WARN_UNUSED_VARIABLE = YES;
				IPHONEOS_DEPLOYMENT_TARGET = 16.4;
				MTL_ENABLE_DEBUG_INFO = INCLUDE_SOURCE;
				MTL_FAST_MATH = YES;
				ONLY_ACTIVE_ARCH = YES;
				SDKROOT = iphoneos;
				SWIFT_ACTIVE_COMPILATION_CONDITIONS = DEBUG;
				SWIFT_OPTIMIZATION_LEVEL = "-Onone";
			};
			name = Debug;
		};
		AA7BCCCE2AB2202D00D2911F /* Release */ = {
			isa = XCBuildConfiguration;
			buildSettings = {
				ALWAYS_SEARCH_USER_PATHS = NO;
				CLANG_ANALYZER_NONNULL = YES;
				CLANG_ANALYZER_NUMBER_OBJECT_CONVERSION = YES_AGGRESSIVE;
				CLANG_CXX_LANGUAGE_STANDARD = "gnu++20";
				CLANG_ENABLE_MODULES = YES;
				CLANG_ENABLE_OBJC_ARC = YES;
				CLANG_ENABLE_OBJC_WEAK = YES;
				CLANG_WARN_BLOCK_CAPTURE_AUTORELEASING = YES;
				CLANG_WARN_BOOL_CONVERSION = YES;
				CLANG_WARN_COMMA = YES;
				CLANG_WARN_CONSTANT_CONVERSION = YES;
				CLANG_WARN_DEPRECATED_OBJC_IMPLEMENTATIONS = YES;
				CLANG_WARN_DIRECT_OBJC_ISA_USAGE = YES_ERROR;
				CLANG_WARN_DOCUMENTATION_COMMENTS = YES;
				CLANG_WARN_EMPTY_BODY = YES;
				CLANG_WARN_ENUM_CONVERSION = YES;
				CLANG_WARN_INFINITE_RECURSION = YES;
				CLANG_WARN_INT_CONVERSION = YES;
				CLANG_WARN_NON_LITERAL_NULL_CONVERSION = YES;
				CLANG_WARN_OBJC_IMPLICIT_RETAIN_SELF = YES;
				CLANG_WARN_OBJC_LITERAL_CONVERSION = YES;
				CLANG_WARN_OBJC_ROOT_CLASS = YES_ERROR;
				CLANG_WARN_QUOTED_INCLUDE_IN_FRAMEWORK_HEADER = YES;
				CLANG_WARN_RANGE_LOOP_ANALYSIS = YES;
				CLANG_WARN_STRICT_PROTOTYPES = YES;
				CLANG_WARN_SUSPICIOUS_MOVE = YES;
				CLANG_WARN_UNGUARDED_AVAILABILITY = YES_AGGRESSIVE;
				CLANG_WARN_UNREACHABLE_CODE = YES;
				CLANG_WARN__DUPLICATE_METHOD_MATCH = YES;
				COPY_PHASE_STRIP = NO;
				DEBUG_INFORMATION_FORMAT = "dwarf-with-dsym";
				ENABLE_NS_ASSERTIONS = NO;
				ENABLE_STRICT_OBJC_MSGSEND = YES;
				GCC_C_LANGUAGE_STANDARD = gnu11;
				GCC_NO_COMMON_BLOCKS = YES;
				GCC_WARN_64_TO_32_BIT_CONVERSION = YES;
				GCC_WARN_ABOUT_RETURN_TYPE = YES_ERROR;
				GCC_WARN_UNDECLARED_SELECTOR = YES;
				GCC_WARN_UNINITIALIZED_AUTOS = YES_AGGRESSIVE;
				GCC_WARN_UNUSED_FUNCTION = YES;
				GCC_WARN_UNUSED_VARIABLE = YES;
				IPHONEOS_DEPLOYMENT_TARGET = 16.4;
				MTL_ENABLE_DEBUG_INFO = NO;
				MTL_FAST_MATH = YES;
				SDKROOT = iphoneos;
				SWIFT_COMPILATION_MODE = wholemodule;
				SWIFT_OPTIMIZATION_LEVEL = "-O";
				VALIDATE_PRODUCT = YES;
			};
			name = Release;
		};
		AA7BCCD02AB2202D00D2911F /* Debug */ = {
			isa = XCBuildConfiguration;
			buildSettings = {
				ASSETCATALOG_COMPILER_APPICON_NAME = AppIcon;
				ASSETCATALOG_COMPILER_GLOBAL_ACCENT_COLOR_NAME = AccentColor;
				CODE_SIGN_STYLE = Automatic;
				CURRENT_PROJECT_VERSION = 1;
				DEVELOPMENT_ASSET_PATHS = "\"ShopApp/Preview Content\"";
				DEVELOPMENT_TEAM = 44UXU53UD6;
				ENABLE_PREVIEWS = YES;
				GENERATE_INFOPLIST_FILE = YES;
				INFOPLIST_KEY_UIApplicationSceneManifest_Generation = YES;
				INFOPLIST_KEY_UIApplicationSupportsIndirectInputEvents = YES;
				INFOPLIST_KEY_UILaunchScreen_Generation = YES;
				INFOPLIST_KEY_UISupportedInterfaceOrientations_iPad = "UIInterfaceOrientationPortrait UIInterfaceOrientationPortraitUpsideDown UIInterfaceOrientationLandscapeLeft UIInterfaceOrientationLandscapeRight";
				INFOPLIST_KEY_UISupportedInterfaceOrientations_iPhone = "UIInterfaceOrientationPortrait UIInterfaceOrientationLandscapeLeft UIInterfaceOrientationLandscapeRight";
				LD_RUNPATH_SEARCH_PATHS = (
					"$(inherited)",
					"@executable_path/Frameworks",
				);
				MARKETING_VERSION = 1.0;
				PRODUCT_BUNDLE_IDENTIFIER = doubleclick.ShopApp;
				PRODUCT_NAME = "$(TARGET_NAME)";
				SWIFT_EMIT_LOC_STRINGS = YES;
				SWIFT_VERSION = 5.0;
				TARGETED_DEVICE_FAMILY = "1,2";
			};
			name = Debug;
		};
		AA7BCCD12AB2202D00D2911F /* Release */ = {
			isa = XCBuildConfiguration;
			buildSettings = {
				ASSETCATALOG_COMPILER_APPICON_NAME = AppIcon;
				ASSETCATALOG_COMPILER_GLOBAL_ACCENT_COLOR_NAME = AccentColor;
				CODE_SIGN_STYLE = Automatic;
				CURRENT_PROJECT_VERSION = 1;
				DEVELOPMENT_ASSET_PATHS = "\"ShopApp/Preview Content\"";
				DEVELOPMENT_TEAM = 44UXU53UD6;
				ENABLE_PREVIEWS = YES;
				GENERATE_INFOPLIST_FILE = YES;
				INFOPLIST_KEY_UIApplicationSceneManifest_Generation = YES;
				INFOPLIST_KEY_UIApplicationSupportsIndirectInputEvents = YES;
				INFOPLIST_KEY_UILaunchScreen_Generation = YES;
				INFOPLIST_KEY_UISupportedInterfaceOrientations_iPad = "UIInterfaceOrientationPortrait UIInterfaceOrientationPortraitUpsideDown UIInterfaceOrientationLandscapeLeft UIInterfaceOrientationLandscapeRight";
				INFOPLIST_KEY_UISupportedInterfaceOrientations_iPhone = "UIInterfaceOrientationPortrait UIInterfaceOrientationLandscapeLeft UIInterfaceOrientationLandscapeRight";
				LD_RUNPATH_SEARCH_PATHS = (
					"$(inherited)",
					"@executable_path/Frameworks",
				);
				MARKETING_VERSION = 1.0;
				PRODUCT_BUNDLE_IDENTIFIER = doubleclick.ShopApp;
				PRODUCT_NAME = "$(TARGET_NAME)";
				SWIFT_EMIT_LOC_STRINGS = YES;
				SWIFT_VERSION = 5.0;
				TARGETED_DEVICE_FAMILY = "1,2";
			};
			name = Release;
		};
/* End XCBuildConfiguration section */

/* Begin XCConfigurationList section */
		AA7BCCB72AB2202C00D2911F /* Build configuration list for PBXProject "ShopApp" */ = {
			isa = XCConfigurationList;
			buildConfigurations = (
				AA7BCCCD2AB2202D00D2911F /* Debug */,
				AA7BCCCE2AB2202D00D2911F /* Release */,
			);
			defaultConfigurationIsVisible = 0;
			defaultConfigurationName = Release;
		};
		AA7BCCCF2AB2202D00D2911F /* Build configuration list for PBXNativeTarget "ShopApp" */ = {
			isa = XCConfigurationList;
			buildConfigurations = (
				AA7BCCD02AB2202D00D2911F /* Debug */,
				AA7BCCD12AB2202D00D2911F /* Release */,
			);
			defaultConfigurationIsVisible = 0;
			defaultConfigurationName = Release;
		};
/* End XCConfigurationList section */

/* Begin XCVersionGroup section */
		AA7BCCCA2AB2202D00D2911F /* ShopApp.xcdatamodeld */ = {
			isa = XCVersionGroup;
			children = (
				AA7BCCCB2AB2202D00D2911F /* ShopApp.xcdatamodel */,
			);
			currentVersion = AA7BCCCB2AB2202D00D2911F /* ShopApp.xcdatamodel */;
			path = ShopApp.xcdatamodeld;
			sourceTree = "<group>";
			versionGroupType = wrapper.xcdatamodel;
		};
/* End XCVersionGroup section */
	};
	rootObject = AA7BCCB42AB2202C00D2911F /* Project object */;
}
